
Microsoft Visual Studio Solution File, Format Version 12.00
# Visual Studio Version 17
VisualStudioVersion = 17.8.34330.188
MinimumVisualStudioVersion = 10.0.40219.1
Project("{FAE04EC0-301F-11D3-BF4B-00C04F79EFBC}") = "AppTestGit", "AppTestGit\AppTestGit.csproj", "{0BF5FA3C-D742-42F6-A16D-6AD4A47C3420}"
EndProject
Global
	GlobalSection(SolutionConfigurationPlatforms) = preSolution
		Debug|Any CPU = Debug|Any CPU
		Release|Any CPU = Release|Any CPU
	EndGlobalSection
	GlobalSection(ProjectConfigurationPlatforms) = postSolution
		{0BF5FA3C-D742-42F6-A16D-6AD4A47C3420}.Debug|Any CPU.ActiveCfg = Debug|Any CPU
		{0BF5FA3C-D742-42F6-A16D-6AD4A47C3420}.Debug|Any CPU.Build.0 = Debug|Any CPU
		{0BF5FA3C-D742-42F6-A16D-6AD4A47C3420}.Release|Any CPU.ActiveCfg = Release|Any CPU
		{0BF5FA3C-D742-42F6-A16D-6AD4A47C3420}.Release|Any CPU.Build.0 = Release|Any CPU
	EndGlobalSection
	GlobalSection(SolutionProperties) = preSolution
		HideSolutionNode = FALSE
	EndGlobalSection
	GlobalSection(ExtensibilityGlobals) = postSolution
		SolutionGuid = {BE22B94C-A257-4A1A-938B-DEE76834109A}
	EndGlobalSection
EndGlobal
